
Microsoft Visual Studio Solution File, Format Version 12.00
# Visual Studio Version 16
VisualStudioVersion = 16.0.29609.76
MinimumVisualStudioVersion = 10.0.40219.1
Project("{9A19103F-16F7-4668-BE54-9A1E7A4F7556}") = "BlobQuickstartV12", "BlobQuickstartV12.csproj", "{8545C33D-0935-4A6D-AB83-A76F4679C236}"
EndProject
Global
	GlobalSection(SolutionConfigurationPlatforms) = preSolution
		Debug|Any CPU = Debug|Any CPU
		Release|Any CPU = Release|Any CPU
	EndGlobalSection
	GlobalSection(ProjectConfigurationPlatforms) = postSolution
		{8545C33D-0935-4A6D-AB83-A76F4679C236}.Debug|Any CPU.ActiveCfg = Debug|Any CPU
		{8545C33D-0935-4A6D-AB83-A76F4679C236}.Debug|Any CPU.Build.0 = Debug|Any CPU
		{8545C33D-0935-4A6D-AB83-A76F4679C236}.Release|Any CPU.ActiveCfg = Release|Any CPU
		{8545C33D-0935-4A6D-AB83-A76F4679C236}.Release|Any CPU.Build.0 = Release|Any CPU
	EndGlobalSection
	GlobalSection(SolutionProperties) = preSolution
		HideSolutionNode = FALSE
	EndGlobalSection
	GlobalSection(ExtensibilityGlobals) = postSolution
		SolutionGuid = {0FCC663C-5C38-4B77-9F25-884CF1014B45}
	EndGlobalSection
EndGlobal
